
Microsoft Visual Studio Solution File, Format Version 12.00
# Visual Studio Version 16
VisualStudioVersion = 16.0.31205.134
MinimumVisualStudioVersion = 10.0.40219.1
Project("{FAE04EC0-301F-11D3-BF4B-00C04F79EFBC}") = "IntentoProyectoUpsa", "IntentoProyectoUpsa.csproj", "{C6F6A681-FD88-4C7C-830A-53C148A9F54A}"
EndProject
Global
	GlobalSection(SolutionConfigurationPlatforms) = preSolution
		Debug|Any CPU = Debug|Any CPU
		Release|Any CPU = Release|Any CPU
	EndGlobalSection
	GlobalSection(ProjectConfigurationPlatforms) = postSolution
		{C6F6A681-FD88-4C7C-830A-53C148A9F54A}.Debug|Any CPU.ActiveCfg = Debug|Any CPU
		{C6F6A681-FD88-4C7C-830A-53C148A9F54A}.Debug|Any CPU.Build.0 = Debug|Any CPU
		{C6F6A681-FD88-4C7C-830A-53C148A9F54A}.Release|Any CPU.ActiveCfg = Release|Any CPU
		{C6F6A681-FD88-4C7C-830A-53C148A9F54A}.Release|Any CPU.Build.0 = Release|Any CPU
	EndGlobalSection
	GlobalSection(SolutionProperties) = preSolution
		HideSolutionNode = FALSE
	EndGlobalSection
	GlobalSection(ExtensibilityGlobals) = postSolution
		SolutionGuid = {FAC1D737-53A7-4510-9EFF-04069C943C3F}
	EndGlobalSection
EndGlobal
